# THIS IS AN AUTOGENERATED FILE. DO NOT EDIT THIS FILE DIRECTLY.
# yarn lockfile v1


"@types/hast@^2.0.0":
  version "2.3.1"
  resolved "https://registry.npmjs.org/@types/hast/-/hast-2.3.1.tgz"
  dependencies:
    "@types/unist" "*"

"@types/mdast@^3.0.0":
  version "3.0.3"
  resolved "https://registry.npmjs.org/@types/mdast/-/mdast-3.0.3.tgz"
  dependencies:
    "@types/unist" "*"

"@types/unist@*", "@types/unist@^2.0.0", "@types/unist@^2.0.2", "@types/unist@^2.0.3":
  version "2.0.3"
  resolved "https://registry.npmjs.org/@types/unist/-/unist-2.0.3.tgz"

bail@^1.0.0:
  version "1.0.5"
  resolved "https://registry.npmjs.org/bail/-/bail-1.0.5.tgz"

character-entities-legacy@^1.0.0:
  version "1.1.4"
  resolved "https://registry.npmjs.org/character-entities-legacy/-/character-entities-legacy-1.1.4.tgz"

character-entities@^1.0.0:
  version "1.2.4"
  resolved "https://registry.npmjs.org/character-entities/-/character-entities-1.2.4.tgz"

character-reference-invalid@^1.0.0:
  version "1.1.4"
  resolved "https://registry.npmjs.org/character-reference-invalid/-/character-reference-invalid-1.1.4.tgz"

comma-separated-tokens@^1.0.0:
  version "1.0.8"
  resolved "https://registry.npmjs.org/comma-separated-tokens/-/comma-separated-tokens-1.0.8.tgz"

debug@^4.0.0:
  version "4.3.1"
  resolved "https://registry.npmjs.org/debug/-/debug-4.3.1.tgz"
  dependencies:
    ms "2.1.2"

extend@^3.0.0:
  version "3.0.2"
  resolved "https://registry.npmjs.org/extend/-/extend-3.0.2.tgz"

inline-style-parser@0.1.1:
  version "0.1.1"
  resolved "https://registry.npmjs.org/inline-style-parser/-/inline-style-parser-0.1.1.tgz"

is-alphabetical@^1.0.0:
  version "1.0.4"
  resolved "https://registry.npmjs.org/is-alphabetical/-/is-alphabetical-1.0.4.tgz"

is-alphanumerical@^1.0.0:
  version "1.0.4"
  resolved "https://registry.npmjs.org/is-alphanumerical/-/is-alphanumerical-1.0.4.tgz"
  dependencies:
    is-alphabetical "^1.0.0"
    is-decimal "^1.0.0"

is-buffer@^2.0.0:
  version "2.0.5"
  resolved "https://registry.npmjs.org/is-buffer/-/is-buffer-2.0.5.tgz"

is-decimal@^1.0.0:
  version "1.0.4"
  resolved "https://registry.npmjs.org/is-decimal/-/is-decimal-1.0.4.tgz"

is-hexadecimal@^1.0.0:
  version "1.0.4"
  resolved "https://registry.npmjs.org/is-hexadecimal/-/is-hexadecimal-1.0.4.tgz"

is-plain-obj@^2.0.0:
  version "2.1.0"
  resolved "https://registry.npmjs.org/is-plain-obj/-/is-plain-obj-2.1.0.tgz"

"js-tokens@^3.0.0 || ^4.0.0":
  version "4.0.0"
  resolved "https://registry.npmjs.org/js-tokens/-/js-tokens-4.0.0.tgz"

loose-envify@^1.4.0:
  version "1.4.0"
  resolved "https://registry.npmjs.org/loose-envify/-/loose-envify-1.4.0.tgz"
  dependencies:
    js-tokens "^3.0.0 || ^4.0.0"

mdast-util-definitions@^4.0.0:
  version "4.0.0"
  resolved "https://registry.npmjs.org/mdast-util-definitions/-/mdast-util-definitions-4.0.0.tgz"
  dependencies:
    unist-util-visit "^2.0.0"

mdast-util-from-markdown@^0.8.0:
  version "0.8.5"
  resolved "https://registry.npmjs.org/mdast-util-from-markdown/-/mdast-util-from-markdown-0.8.5.tgz"
  dependencies:
    "@types/mdast" "^3.0.0"
    mdast-util-to-string "^2.0.0"
    micromark "~2.11.0"
    parse-entities "^2.0.0"
    unist-util-stringify-position "^2.0.0"

mdast-util-to-hast@^10.2.0:
  version "10.2.0"
  resolved "https://registry.npmjs.org/mdast-util-to-hast/-/mdast-util-to-hast-10.2.0.tgz"
  dependencies:
    "@types/mdast" "^3.0.0"
    "@types/unist" "^2.0.0"
    mdast-util-definitions "^4.0.0"
    mdurl "^1.0.0"
    unist-builder "^2.0.0"
    unist-util-generated "^1.0.0"
    unist-util-position "^3.0.0"
    unist-util-visit "^2.0.0"

mdast-util-to-string@^2.0.0:
  version "2.0.0"
  resolved "https://registry.npmjs.org/mdast-util-to-string/-/mdast-util-to-string-2.0.0.tgz"

mdurl@^1.0.0:
  version "1.0.1"
  resolved "https://registry.npmjs.org/mdurl/-/mdurl-1.0.1.tgz"

micromark@~2.11.0:
  version "2.11.4"
  resolved "https://registry.npmjs.org/micromark/-/micromark-2.11.4.tgz"
  dependencies:
    debug "^4.0.0"
    parse-entities "^2.0.0"

ms@2.1.2:
  version "2.1.2"
  resolved "https://registry.npmjs.org/ms/-/ms-2.1.2.tgz"

object-assign@^4.1.1:
  version "4.1.1"
  resolved "https://registry.npmjs.org/object-assign/-/object-assign-4.1.1.tgz"

parse-entities@^2.0.0:
  version "2.0.0"
  resolved "https://registry.npmjs.org/parse-entities/-/parse-entities-2.0.0.tgz"
  dependencies:
    character-entities "^1.0.0"
    character-entities-legacy "^1.0.0"
    character-reference-invalid "^1.0.0"
    is-alphanumerical "^1.0.0"
    is-decimal "^1.0.0"
    is-hexadecimal "^1.0.0"

prop-types@^15.7.2:
  version "15.7.2"
  resolved "https://registry.npmjs.org/prop-types/-/prop-types-15.7.2.tgz"
  dependencies:
    loose-envify "^1.4.0"
    object-assign "^4.1.1"
    react-is "^16.8.1"

property-information@^5.3.0:
  version "5.6.0"
  resolved "https://registry.yarnpkg.com/property-information/-/property-information-5.6.0.tgz#61675545fb23002f245c6540ec46077d4da3ed69"
  dependencies:
    xtend "^4.0.0"

react-is@^16.8.1:
  version "16.13.1"
  resolved "https://registry.npmjs.org/react-is/-/react-is-16.13.1.tgz"

react-is@^17.0.0:
  version "17.0.2"
  resolved "https://registry.npmjs.org/react-is/-/react-is-17.0.2.tgz"

react-markdown@^6.0.3:
  version "6.0.3"
  resolved "https://registry.yarnpkg.com/react-markdown/-/react-markdown-6.0.3.tgz#625ec767fa321d91801129387e7d31ee0cb99254"
  dependencies:
    "@types/hast" "^2.0.0"
    "@types/unist" "^2.0.3"
    comma-separated-tokens "^1.0.0"
    prop-types "^15.7.2"
    property-information "^5.3.0"
    react-is "^17.0.0"
    remark-parse "^9.0.0"
    remark-rehype "^8.0.0"
    space-separated-tokens "^1.1.0"
    style-to-object "^0.3.0"
    unified "^9.0.0"
    unist-util-visit "^2.0.0"
    vfile "^4.0.0"

remark-parse@^9.0.0:
  version "9.0.0"
  resolved "https://registry.npmjs.org/remark-parse/-/remark-parse-9.0.0.tgz"
  dependencies:
    mdast-util-from-markdown "^0.8.0"

remark-rehype@^8.0.0:
  version "8.1.0"
  resolved "https://registry.npmjs.org/remark-rehype/-/remark-rehype-8.1.0.tgz"
  dependencies:
    mdast-util-to-hast "^10.2.0"

space-separated-tokens@^1.1.0:
  version "1.1.5"
  resolved "https://registry.npmjs.org/space-separated-tokens/-/space-separated-tokens-1.1.5.tgz"

style-to-object@^0.3.0:
  version "0.3.0"
  resolved "https://registry.npmjs.org/style-to-object/-/style-to-object-0.3.0.tgz"
  dependencies:
    inline-style-parser "0.1.1"

trough@^1.0.0:
  version "1.0.5"
  resolved "https://registry.npmjs.org/trough/-/trough-1.0.5.tgz"

unified@^9.0.0:
  version "9.2.1"
  resolved "https://registry.npmjs.org/unified/-/unified-9.2.1.tgz"
  dependencies:
    bail "^1.0.0"
    extend "^3.0.0"
    is-buffer "^2.0.0"
    is-plain-obj "^2.0.0"
    trough "^1.0.0"
    vfile "^4.0.0"

unist-builder@^2.0.0:
  version "2.0.3"
  resolved "https://registry.npmjs.org/unist-builder/-/unist-builder-2.0.3.tgz"

unist-util-generated@^1.0.0:
  version "1.1.6"
  resolved "https://registry.npmjs.org/unist-util-generated/-/unist-util-generated-1.1.6.tgz"

unist-util-is@^4.0.0:
  version "4.1.0"
  resolved "https://registry.npmjs.org/unist-util-is/-/unist-util-is-4.1.0.tgz"

unist-util-position@^3.0.0:
  version "3.1.0"
  resolved "https://registry.npmjs.org/unist-util-position/-/unist-util-position-3.1.0.tgz"

unist-util-stringify-position@^2.0.0:
  version "2.0.3"
  resolved "https://registry.npmjs.org/unist-util-stringify-position/-/unist-util-stringify-position-2.0.3.tgz"
  dependencies:
    "@types/unist" "^2.0.2"

unist-util-visit-parents@^3.0.0:
  version "3.1.1"
  resolved "https://registry.npmjs.org/unist-util-visit-parents/-/unist-util-visit-parents-3.1.1.tgz"
  dependencies:
    "@types/unist" "^2.0.0"
    unist-util-is "^4.0.0"

unist-util-visit@^2.0.0:
  version "2.0.3"
  resolved "https://registry.npmjs.org/unist-util-visit/-/unist-util-visit-2.0.3.tgz"
  dependencies:
    "@types/unist" "^2.0.0"
    unist-util-is "^4.0.0"
    unist-util-visit-parents "^3.0.0"

vfile-message@^2.0.0:
  version "2.0.4"
  resolved "https://registry.npmjs.org/vfile-message/-/vfile-message-2.0.4.tgz"
  dependencies:
    "@types/unist" "^2.0.0"
    unist-util-stringify-position "^2.0.0"

vfile@^4.0.0:
  version "4.2.1"
  resolved "https://registry.npmjs.org/vfile/-/vfile-4.2.1.tgz"
  dependencies:
    "@types/unist" "^2.0.0"
    is-buffer "^2.0.0"
    unist-util-stringify-position "^2.0.0"
    vfile-message "^2.0.0"

xtend@^4.0.0:
  version "4.0.2"
  resolved "https://registry.npmjs.org/xtend/-/xtend-4.0.2.tgz"
